
Microsoft Visual Studio Solution File, Format Version 12.00
# Visual Studio Version 16
VisualStudioVersion = 16.0.810.14
MinimumVisualStudioVersion = 10.0.40219.1
Project("{FAE04EC0-301F-11D3-BF4B-00C04F79EFBC}") = "ExcursionApp", "ExcursionApp.csproj", "{D904E8F7-DE46-4502-B071-DDE747E2F732}"
EndProject
Global
	GlobalSection(SolutionConfigurationPlatforms) = preSolution
		Debug|Any CPU = Debug|Any CPU
		Release|Any CPU = Release|Any CPU
	EndGlobalSection
	GlobalSection(ProjectConfigurationPlatforms) = postSolution
		{D904E8F7-DE46-4502-B071-DDE747E2F732}.Debug|Any CPU.ActiveCfg = Debug|Any CPU
		{D904E8F7-DE46-4502-B071-DDE747E2F732}.Debug|Any CPU.Build.0 = Debug|Any CPU
		{D904E8F7-DE46-4502-B071-DDE747E2F732}.Release|Any CPU.ActiveCfg = Release|Any CPU
		{D904E8F7-DE46-4502-B071-DDE747E2F732}.Release|Any CPU.Build.0 = Release|Any CPU
	EndGlobalSection
	GlobalSection(SolutionProperties) = preSolution
		HideSolutionNode = FALSE
	EndGlobalSection
	GlobalSection(ExtensibilityGlobals) = postSolution
		SolutionGuid = {746B03E0-A18F-4A71-B53B-B9F31182A2A5}
	EndGlobalSection
EndGlobal
